
Microsoft Visual Studio Solution File, Format Version 12.00
# Visual Studio Version 17
VisualStudioVersion = 17.0.31903.59
MinimumVisualStudioVersion = 10.0.40219.1
Project("{FAE04EC0-301F-11D3-BF4B-00C04F79EFBC}") = "KycApi", "KycApi\KycApi.csproj", "{54AC223D-FCE4-413C-B951-F4A243687A31}"
EndProject
Project("{FAE04EC0-301F-11D3-BF4B-00C04F79EFBC}") = "KycApi.Service", "KycApi.Service\KycApi.Service.csproj", "{A7062ED1-DC12-4078-9E81-63B1DA714A88}"
EndProject
Project("{FAE04EC0-301F-11D3-BF4B-00C04F79EFBC}") = "KycApi.Model", "KycApi.Model\KycApi.Model.csproj", "{45AEEA47-3668-4262-B42D-9AB54AB7F218}"
EndProject
Global
	GlobalSection(SolutionConfigurationPlatforms) = preSolution
		Debug|Any CPU = Debug|Any CPU
		Release|Any CPU = Release|Any CPU
	EndGlobalSection
	GlobalSection(ProjectConfigurationPlatforms) = postSolution
		{54AC223D-FCE4-413C-B951-F4A243687A31}.Debug|Any CPU.ActiveCfg = Debug|Any CPU
		{54AC223D-FCE4-413C-B951-F4A243687A31}.Debug|Any CPU.Build.0 = Debug|Any CPU
		{54AC223D-FCE4-413C-B951-F4A243687A31}.Release|Any CPU.ActiveCfg = Release|Any CPU
		{54AC223D-FCE4-413C-B951-F4A243687A31}.Release|Any CPU.Build.0 = Release|Any CPU
		{A7062ED1-DC12-4078-9E81-63B1DA714A88}.Debug|Any CPU.ActiveCfg = Debug|Any CPU
		{A7062ED1-DC12-4078-9E81-63B1DA714A88}.Debug|Any CPU.Build.0 = Debug|Any CPU
		{A7062ED1-DC12-4078-9E81-63B1DA714A88}.Release|Any CPU.ActiveCfg = Release|Any CPU
		{A7062ED1-DC12-4078-9E81-63B1DA714A88}.Release|Any CPU.Build.0 = Release|Any CPU
		{45AEEA47-3668-4262-B42D-9AB54AB7F218}.Debug|Any CPU.ActiveCfg = Debug|Any CPU
		{45AEEA47-3668-4262-B42D-9AB54AB7F218}.Debug|Any CPU.Build.0 = Debug|Any CPU
		{45AEEA47-3668-4262-B42D-9AB54AB7F218}.Release|Any CPU.ActiveCfg = Release|Any CPU
		{45AEEA47-3668-4262-B42D-9AB54AB7F218}.Release|Any CPU.Build.0 = Release|Any CPU
	EndGlobalSection
	GlobalSection(SolutionProperties) = preSolution
		HideSolutionNode = FALSE
	EndGlobalSection
	GlobalSection(ExtensibilityGlobals) = postSolution
		SolutionGuid = {AE0CC258-4742-41F6-83AD-6AFBA4925E85}
	EndGlobalSection
EndGlobal
